
Microsoft Visual Studio Solution File, Format Version 12.00
# Visual Studio Version 17
VisualStudioVersion = 17.11.35303.130
MinimumVisualStudioVersion = 10.0.40219.1
Project("{FAE04EC0-301F-11D3-BF4B-00C04F79EFBC}") = "tinyserver", "tinyserver\tinyserver.csproj", "{E14EF8EF-2D78-4BAF-92E8-0B19876D8319}"
EndProject
Global
	GlobalSection(SolutionConfigurationPlatforms) = preSolution
		Debug|Any CPU = Debug|Any CPU
		Release|Any CPU = Release|Any CPU
	EndGlobalSection
	GlobalSection(ProjectConfigurationPlatforms) = postSolution
		{E14EF8EF-2D78-4BAF-92E8-0B19876D8319}.Debug|Any CPU.ActiveCfg = Debug|Any CPU
		{E14EF8EF-2D78-4BAF-92E8-0B19876D8319}.Debug|Any CPU.Build.0 = Debug|Any CPU
		{E14EF8EF-2D78-4BAF-92E8-0B19876D8319}.Release|Any CPU.ActiveCfg = Release|Any CPU
		{E14EF8EF-2D78-4BAF-92E8-0B19876D8319}.Release|Any CPU.Build.0 = Release|Any CPU
	EndGlobalSection
	GlobalSection(SolutionProperties) = preSolution
		HideSolutionNode = FALSE
	EndGlobalSection
	GlobalSection(ExtensibilityGlobals) = postSolution
		SolutionGuid = {456A9843-2FD7-4309-87AC-BAFEA83585A9}
	EndGlobalSection
EndGlobal
